// !$*UTF8*$!
{
	archiveVersion = 1;
	classes = {
	};
	objectVersion = 77;
	objects = {

/* Begin PBXContainerItemProxy section */
		904790772ED1BFDC002ACDCC /* PBXContainerItemProxy */ = {
			isa = PBXContainerItemProxy;
			containerPortal = 904790612ED1BFDB002ACDCC /* Project object */;
			proxyType = 1;
			remoteGlobalIDString = 904790682ED1BFDB002ACDCC;
			remoteInfo = "realitykit-ragdolls";
		};
		904790812ED1BFDC002ACDCC /* PBXContainerItemProxy */ = {
			isa = PBXContainerItemProxy;
			containerPortal = 904790612ED1BFDB002ACDCC /* Project object */;
			proxyType = 1;
			remoteGlobalIDString = 904790682ED1BFDB002ACDCC;
			remoteInfo = "realitykit-ragdolls";
		};
/* End PBXContainerItemProxy section */

/* Begin PBXFileReference section */
		904790692ED1BFDB002ACDCC /* realitykit-ragdolls.app */ = {isa = PBXFileReference; explicitFileType = wrapper.application; includeInIndex = 0; path = "realitykit-ragdolls.app"; sourceTree = BUILT_PRODUCTS_DIR; };
		904790762ED1BFDC002ACDCC /* realitykit-ragdollsTests.xctest */ = {isa = PBXFileReference; explicitFileType = wrapper.cfbundle; includeInIndex = 0; path = "realitykit-ragdollsTests.xctest"; sourceTree = BUILT_PRODUCTS_DIR; };
		904790802ED1BFDC002ACDCC /* realitykit-ragdollsUITests.xctest */ = {isa = PBXFileReference; explicitFileType = wrapper.cfbundle; includeInIndex = 0; path = "realitykit-ragdollsUITests.xctest"; sourceTree = BUILT_PRODUCTS_DIR; };
/* End PBXFileReference section */

/* Begin PBXFileSystemSynchronizedRootGroup section */
		9047906B2ED1BFDB002ACDCC /* realitykit-ragdolls */ = {
			isa = PBXFileSystemSynchronizedRootGroup;
			path = "realitykit-ragdolls";
			sourceTree = "<group>";
		};
		904790792ED1BFDC002ACDCC /* realitykit-ragdollsTests */ = {
			isa = PBXFileSystemSynchronizedRootGroup;
			path = "realitykit-ragdollsTests";
			sourceTree = "<group>";
		};
		904790832ED1BFDC002ACDCC /* realitykit-ragdollsUITests */ = {
			isa = PBXFileSystemSynchronizedRootGroup;
			path = "realitykit-ragdollsUITests";
			sourceTree = "<group>";
		};
		904790A22ED1C16B002ACDCC /* Assets3d */ = {
			isa = PBXFileSystemSynchronizedRootGroup;
			path = Assets3d;
			sourceTree = "<group>";
		};
/* End PBXFileSystemSynchronizedRootGroup section */

/* Begin PBXFrameworksBuildPhase section */
		904790662ED1BFDB002ACDCC /* Frameworks */ = {
			isa = PBXFrameworksBuildPhase;
			buildActionMask = 2147483647;
			files = (
			);
			runOnlyForDeploymentPostprocessing = 0;
		};
		904790732ED1BFDC002ACDCC /* Frameworks */ = {
			isa = PBXFrameworksBuildPhase;
			buildActionMask = 2147483647;
			files = (
			);
			runOnlyForDeploymentPostprocessing = 0;
		};
		9047907D2ED1BFDC002ACDCC /* Frameworks */ = {
			isa = PBXFrameworksBuildPhase;
			buildActionMask = 2147483647;
			files = (
			);
			runOnlyForDeploymentPostprocessing = 0;
		};
/* End PBXFrameworksBuildPhase section */

/* Begin PBXGroup section */
		904790602ED1BFDB002ACDCC = {
			isa = PBXGroup;
			children = (
				904790A22ED1C16B002ACDCC /* Assets3d */,
				9047906B2ED1BFDB002ACDCC /* realitykit-ragdolls */,
				904790792ED1BFDC002ACDCC /* realitykit-ragdollsTests */,
				904790832ED1BFDC002ACDCC /* realitykit-ragdollsUITests */,
				9047906A2ED1BFDB002ACDCC /* Products */,
			);
			sourceTree = "<group>";
		};
		9047906A2ED1BFDB002ACDCC /* Products */ = {
			isa = PBXGroup;
			children = (
				904790692ED1BFDB002ACDCC /* realitykit-ragdolls.app */,
				904790762ED1BFDC002ACDCC /* realitykit-ragdollsTests.xctest */,
				904790802ED1BFDC002ACDCC /* realitykit-ragdollsUITests.xctest */,
			);
			name = Products;
			sourceTree = "<group>";
		};
/* End PBXGroup section */

/* Begin PBXNativeTarget section */
		904790682ED1BFDB002ACDCC /* realitykit-ragdolls */ = {
			isa = PBXNativeTarget;
			buildConfigurationList = 9047908A2ED1BFDC002ACDCC /* Build configuration list for PBXNativeTarget "realitykit-ragdolls" */;
			buildPhases = (
				904790652ED1BFDB002ACDCC /* Sources */,
				904790662ED1BFDB002ACDCC /* Frameworks */,
				904790672ED1BFDB002ACDCC /* Resources */,
			);
			buildRules = (
			);
			dependencies = (
			);
			fileSystemSynchronizedGroups = (
				9047906B2ED1BFDB002ACDCC /* realitykit-ragdolls */,
				904790A22ED1C16B002ACDCC /* Assets3d */,
			);
			name = "realitykit-ragdolls";
			packageProductDependencies = (
			);
			productName = "realitykit-ragdolls";
			productReference = 904790692ED1BFDB002ACDCC /* realitykit-ragdolls.app */;
			productType = "com.apple.product-type.application";
		};
		904790752ED1BFDC002ACDCC /* realitykit-ragdollsTests */ = {
			isa = PBXNativeTarget;
			buildConfigurationList = 9047908D2ED1BFDC002ACDCC /* Build configuration list for PBXNativeTarget "realitykit-ragdollsTests" */;
			buildPhases = (
				904790722ED1BFDC002ACDCC /* Sources */,
				904790732ED1BFDC002ACDCC /* Frameworks */,
				904790742ED1BFDC002ACDCC /* Resources */,
			);
			buildRules = (
			);
			dependencies = (
				904790782ED1BFDC002ACDCC /* PBXTargetDependency */,
			);
			fileSystemSynchronizedGroups = (
				904790792ED1BFDC002ACDCC /* realitykit-ragdollsTests */,
			);
			name = "realitykit-ragdollsTests";
			packageProductDependencies = (
			);
			productName = "realitykit-ragdollsTests";
			productReference = 904790762ED1BFDC002ACDCC /* realitykit-ragdollsTests.xctest */;
			productType = "com.apple.product-type.bundle.unit-test";
		};
		9047907F2ED1BFDC002ACDCC /* realitykit-ragdollsUITests */ = {
			isa = PBXNativeTarget;
			buildConfigurationList = 904790902ED1BFDC002ACDCC /* Build configuration list for PBXNativeTarget "realitykit-ragdollsUITests" */;
			buildPhases = (
				9047907C2ED1BFDC002ACDCC /* Sources */,
				9047907D2ED1BFDC002ACDCC /* Frameworks */,
				9047907E2ED1BFDC002ACDCC /* Resources */,
			);
			buildRules = (
			);
			dependencies = (
				904790822ED1BFDC002ACDCC /* PBXTargetDependency */,
			);
			fileSystemSynchronizedGroups = (
				904790832ED1BFDC002ACDCC /* realitykit-ragdollsUITests */,
			);
			name = "realitykit-ragdollsUITests";
			packageProductDependencies = (
			);
			productName = "realitykit-ragdollsUITests";
			productReference = 904790802ED1BFDC002ACDCC /* realitykit-ragdollsUITests.xctest */;
			productType = "com.apple.product-type.bundle.ui-testing";
		};
/* End PBXNativeTarget section */

/* Begin PBXProject section */
		904790612ED1BFDB002ACDCC /* Project object */ = {
			isa = PBXProject;
			attributes = {
				BuildIndependentTargetsInParallel = 1;
				LastSwiftUpdateCheck = 2610;
				LastUpgradeCheck = 2610;
				TargetAttributes = {
					904790682ED1BFDB002ACDCC = {
						CreatedOnToolsVersion = 26.1.1;
					};
					904790752ED1BFDC002ACDCC = {
						CreatedOnToolsVersion = 26.1.1;
						TestTargetID = 904790682ED1BFDB002ACDCC;
					};
					9047907F2ED1BFDC002ACDCC = {
						CreatedOnToolsVersion = 26.1.1;
						TestTargetID = 904790682ED1BFDB002ACDCC;
					};
				};
			};
			buildConfigurationList = 904790642ED1BFDB002ACDCC /* Build configuration list for PBXProject "realitykit-ragdolls" */;
			developmentRegion = en;
			hasScannedForEncodings = 0;
			knownRegions = (
				en,
				Base,
			);
			mainGroup = 904790602ED1BFDB002ACDCC;
			minimizedProjectReferenceProxies = 1;
			preferredProjectObjectVersion = 77;
			productRefGroup = 9047906A2ED1BFDB002ACDCC /* Products */;
			projectDirPath = "";
			projectRoot = "";
			targets = (
				904790682ED1BFDB002ACDCC /* realitykit-ragdolls */,
				904790752ED1BFDC002ACDCC /* realitykit-ragdollsTests */,
				9047907F2ED1BFDC002ACDCC /* realitykit-ragdollsUITests */,
			);
		};
/* End PBXProject section */

/* Begin PBXResourcesBuildPhase section */
		904790672ED1BFDB002ACDCC /* Resources */ = {
			isa = PBXResourcesBuildPhase;
			buildActionMask = 2147483647;
			files = (
			);
			runOnlyForDeploymentPostprocessing = 0;
		};
		904790742ED1BFDC002ACDCC /* Resources */ = {
			isa = PBXResourcesBuildPhase;
			buildActionMask = 2147483647;
			files = (
			);
			runOnlyForDeploymentPostprocessing = 0;
		};
		9047907E2ED1BFDC002ACDCC /* Resources */ = {
			isa = PBXResourcesBuildPhase;
			buildActionMask = 2147483647;
			files = (
			);
			runOnlyForDeploymentPostprocessing = 0;
		};
/* End PBXResourcesBuildPhase section */

/* Begin PBXSourcesBuildPhase section */
		904790652ED1BFDB002ACDCC /* Sources */ = {
			isa = PBXSourcesBuildPhase;
			buildActionMask = 2147483647;
			files = (
			);
			runOnlyForDeploymentPostprocessing = 0;
		};
		904790722ED1BFDC002ACDCC /* Sources */ = {
			isa = PBXSourcesBuildPhase;
			buildActionMask = 2147483647;
			files = (
			);
			runOnlyForDeploymentPostprocessing = 0;
		};
		9047907C2ED1BFDC002ACDCC /* Sources */ = {
			isa = PBXSourcesBuildPhase;
			buildActionMask = 2147483647;
			files = (
			);
			runOnlyForDeploymentPostprocessing = 0;
		};
/* End PBXSourcesBuildPhase section */

/* Begin PBXTargetDependency section */
		904790782ED1BFDC002ACDCC /* PBXTargetDependency */ = {
			isa = PBXTargetDependency;
			target = 904790682ED1BFDB002ACDCC /* realitykit-ragdolls */;
			targetProxy = 904790772ED1BFDC002ACDCC /* PBXContainerItemProxy */;
		};
		904790822ED1BFDC002ACDCC /* PBXTargetDependency */ = {
			isa = PBXTargetDependency;
			target = 904790682ED1BFDB002ACDCC /* realitykit-ragdolls */;
			targetProxy = 904790812ED1BFDC002ACDCC /* PBXContainerItemProxy */;
		};
/* End PBXTargetDependency section */

/* Begin XCBuildConfiguration section */
		904790882ED1BFDC002ACDCC /* Debug */ = {
			isa = XCBuildConfiguration;
			buildSettings = {
				ALWAYS_SEARCH_USER_PATHS = NO;
				ASSETCATALOG_COMPILER_GENERATE_SWIFT_ASSET_SYMBOL_EXTENSIONS = YES;
				CLANG_ANALYZER_NONNULL = YES;
				CLANG_ANALYZER_NUMBER_OBJECT_CONVERSION = YES_AGGRESSIVE;
				CLANG_CXX_LANGUAGE_STANDARD = "gnu++20";
				CLANG_ENABLE_MODULES = YES;
				CLANG_ENABLE_OBJC_ARC = YES;
				CLANG_ENABLE_OBJC_WEAK = YES;
				CLANG_WARN_BLOCK_CAPTURE_AUTORELEASING = YES;
				CLANG_WARN_BOOL_CONVERSION = YES;
				CLANG_WARN_COMMA = YES;
				CLANG_WARN_CONSTANT_CONVERSION = YES;
				CLANG_WARN_DEPRECATED_OBJC_IMPLEMENTATIONS = YES;
				CLANG_WARN_DIRECT_OBJC_ISA_USAGE = YES_ERROR;
				CLANG_WARN_DOCUMENTATION_COMMENTS = YES;
				CLANG_WARN_EMPTY_BODY = YES;
				CLANG_WARN_ENUM_CONVERSION = YES;
				CLANG_WARN_INFINITE_RECURSION = YES;
				CLANG_WARN_INT_CONVERSION = YES;
				CLANG_WARN_NON_LITERAL_NULL_CONVERSION = YES;
				CLANG_WARN_OBJC_IMPLICIT_RETAIN_SELF = YES;
				CLANG_WARN_OBJC_LITERAL_CONVERSION = YES;
				CLANG_WARN_OBJC_ROOT_CLASS = YES_ERROR;
				CLANG_WARN_QUOTED_INCLUDE_IN_FRAMEWORK_HEADER = YES;
				CLANG_WARN_RANGE_LOOP_ANALYSIS = YES;
				CLANG_WARN_STRICT_PROTOTYPES = YES;
				CLANG_WARN_SUSPICIOUS_MOVE = YES;
				CLANG_WARN_UNGUARDED_AVAILABILITY = YES_AGGRESSIVE;
				CLANG_WARN_UNREACHABLE_CODE = YES;
				CLANG_WARN__DUPLICATE_METHOD_MATCH = YES;
				COPY_PHASE_STRIP = NO;
				DEBUG_INFORMATION_FORMAT = dwarf;
				ENABLE_STRICT_OBJC_MSGSEND = YES;
				ENABLE_TESTABILITY = YES;
				ENABLE_USER_SCRIPT_SANDBOXING = YES;
				GCC_C_LANGUAGE_STANDARD = gnu17;
				GCC_DYNAMIC_NO_PIC = NO;
				GCC_NO_COMMON_BLOCKS = YES;
				GCC_OPTIMIZATION_LEVEL = 0;
				GCC_PREPROCESSOR_DEFINITIONS = (
					"DEBUG=1",
					"$(inherited)",
				);
				GCC_WARN_64_TO_32_BIT_CONVERSION = YES;
				GCC_WARN_ABOUT_RETURN_TYPE = YES_ERROR;
				GCC_WARN_UNDECLARED_SELECTOR = YES;
				GCC_WARN_UNINITIALIZED_AUTOS = YES_AGGRESSIVE;
				GCC_WARN_UNUSED_FUNCTION = YES;
				GCC_WARN_UNUSED_VARIABLE = YES;
				IPHONEOS_DEPLOYMENT_TARGET = 26.1;
				LOCALIZATION_PREFERS_STRING_CATALOGS = YES;
				MTL_ENABLE_DEBUG_INFO = INCLUDE_SOURCE;
				MTL_FAST_MATH = YES;
				ONLY_ACTIVE_ARCH = YES;
				SDKROOT = iphoneos;
				SWIFT_ACTIVE_COMPILATION_CONDITIONS = "DEBUG $(inherited)";
				SWIFT_OPTIMIZATION_LEVEL = "-Onone";
			};
			name = Debug;
		};
		904790892ED1BFDC002ACDCC /* Release */ = {
			isa = XCBuildConfiguration;
			buildSettings = {
				ALWAYS_SEARCH_USER_PATHS = NO;
				ASSETCATALOG_COMPILER_GENERATE_SWIFT_ASSET_SYMBOL_EXTENSIONS = YES;
				CLANG_ANALYZER_NONNULL = YES;
				CLANG_ANALYZER_NUMBER_OBJECT_CONVERSION = YES_AGGRESSIVE;
				CLANG_CXX_LANGUAGE_STANDARD = "gnu++20";
				CLANG_ENABLE_MODULES = YES;
				CLANG_ENABLE_OBJC_ARC = YES;
				CLANG_ENABLE_OBJC_WEAK = YES;
				CLANG_WARN_BLOCK_CAPTURE_AUTORELEASING = YES;
				CLANG_WARN_BOOL_CONVERSION = YES;
				CLANG_WARN_COMMA = YES;
				CLANG_WARN_CONSTANT_CONVERSION = YES;
				CLANG_WARN_DEPRECATED_OBJC_IMPLEMENTATIONS = YES;
				CLANG_WARN_DIRECT_OBJC_ISA_USAGE = YES_ERROR;
				CLANG_WARN_DOCUMENTATION_COMMENTS = YES;
				CLANG_WARN_EMPTY_BODY = YES;
				CLANG_WARN_ENUM_CONVERSION = YES;
				CLANG_WARN_INFINITE_RECURSION = YES;
				CLANG_WARN_INT_CONVERSION = YES;
				CLANG_WARN_NON_LITERAL_NULL_CONVERSION = YES;
				CLANG_WARN_OBJC_IMPLICIT_RETAIN_SELF = YES;
				CLANG_WARN_OBJC_LITERAL_CONVERSION = YES;
				CLANG_WARN_OBJC_ROOT_CLASS = YES_ERROR;
				CLANG_WARN_QUOTED_INCLUDE_IN_FRAMEWORK_HEADER = YES;
				CLANG_WARN_RANGE_LOOP_ANALYSIS = YES;
				CLANG_WARN_STRICT_PROTOTYPES = YES;
				CLANG_WARN_SUSPICIOUS_MOVE = YES;
				CLANG_WARN_UNGUARDED_AVAILABILITY = YES_AGGRESSIVE;
				CLANG_WARN_UNREACHABLE_CODE = YES;
				CLANG_WARN__DUPLICATE_METHOD_MATCH = YES;
				COPY_PHASE_STRIP = NO;
				DEBUG_INFORMATION_FORMAT = "dwarf-with-dsym";
				ENABLE_NS_ASSERTIONS = NO;
				ENABLE_STRICT_OBJC_MSGSEND = YES;
				ENABLE_USER_SCRIPT_SANDBOXING = YES;
				GCC_C_LANGUAGE_STANDARD = gnu17;
				GCC_NO_COMMON_BLOCKS = YES;
				GCC_WARN_64_TO_32_BIT_CONVERSION = YES;
				GCC_WARN_ABOUT_RETURN_TYPE = YES_ERROR;
				GCC_WARN_UNDECLARED_SELECTOR = YES;
				GCC_WARN_UNINITIALIZED_AUTOS = YES_AGGRESSIVE;
				GCC_WARN_UNUSED_FUNCTION = YES;
				GCC_WARN_UNUSED_VARIABLE = YES;
				IPHONEOS_DEPLOYMENT_TARGET = 26.1;
				LOCALIZATION_PREFERS_STRING_CATALOGS = YES;
				MTL_ENABLE_DEBUG_INFO = NO;
				MTL_FAST_MATH = YES;
				SDKROOT = iphoneos;
				SWIFT_COMPILATION_MODE = wholemodule;
				VALIDATE_PRODUCT = YES;
			};
			name = Release;
		};
		9047908B2ED1BFDC002ACDCC /* Debug */ = {
			isa = XCBuildConfiguration;
			buildSettings = {
				ASSETCATALOG_COMPILER_APPICON_NAME = AppIcon;
				ASSETCATALOG_COMPILER_GLOBAL_ACCENT_COLOR_NAME = AccentColor;
				CODE_SIGN_STYLE = Automatic;
				CURRENT_PROJECT_VERSION = 1;
				DEVELOPMENT_TEAM = TZD9864C39;
				ENABLE_PREVIEWS = YES;
				GENERATE_INFOPLIST_FILE = YES;
				INFOPLIST_KEY_NSCameraUsageDescription = CAMERA_USAGE_DESCRIPTION;
				INFOPLIST_KEY_UIApplicationSupportsIndirectInputEvents = YES;
				INFOPLIST_KEY_UILaunchScreen_Generation = YES;
				INFOPLIST_KEY_UIRequiredDeviceCapabilities = arkit;
				INFOPLIST_KEY_UIStatusBarHidden = YES;
				INFOPLIST_KEY_UISupportedInterfaceOrientations_iPad = "UIInterfaceOrientationPortrait UIInterfaceOrientationPortraitUpsideDown UIInterfaceOrientationLandscapeLeft UIInterfaceOrientationLandscapeRight";
				INFOPLIST_KEY_UISupportedInterfaceOrientations_iPhone = "UIInterfaceOrientationPortrait UIInterfaceOrientationLandscapeLeft UIInterfaceOrientationLandscapeRight";
				IPHONEOS_DEPLOYMENT_TARGET = 26.0;
				LD_RUNPATH_SEARCH_PATHS = (
					"$(inherited)",
					"@executable_path/Frameworks",
				);
				MARKETING_VERSION = 1.0;
				PRODUCT_BUNDLE_IDENTIFIER = "com.ryan.realitykit-ragdolls";
				PRODUCT_NAME = "$(TARGET_NAME)";
				STRING_CATALOG_GENERATE_SYMBOLS = YES;
				SUPPORTED_PLATFORMS = "iphoneos iphonesimulator";
				SUPPORTS_MACCATALYST = NO;
				SUPPORTS_XR_DESIGNED_FOR_IPHONE_IPAD = NO;
				SWIFT_APPROACHABLE_CONCURRENCY = YES;
				SWIFT_DEFAULT_ACTOR_ISOLATION = MainActor;
				SWIFT_EMIT_LOC_STRINGS = YES;
				SWIFT_UPCOMING_FEATURE_MEMBER_IMPORT_VISIBILITY = YES;
				SWIFT_VERSION = 5.0;
				TARGETED_DEVICE_FAMILY = "1,2";
			};
			name = Debug;
		};
		9047908C2ED1BFDC002ACDCC /* Release */ = {
			isa = XCBuildConfiguration;
			buildSettings = {
				ASSETCATALOG_COMPILER_APPICON_NAME = AppIcon;
				ASSETCATALOG_COMPILER_GLOBAL_ACCENT_COLOR_NAME = AccentColor;
				CODE_SIGN_STYLE = Automatic;
				CURRENT_PROJECT_VERSION = 1;
				DEVELOPMENT_TEAM = TZD9864C39;
				ENABLE_PREVIEWS = YES;
				GENERATE_INFOPLIST_FILE = YES;
				INFOPLIST_KEY_NSCameraUsageDescription = CAMERA_USAGE_DESCRIPTION;
				INFOPLIST_KEY_UIApplicationSupportsIndirectInputEvents = YES;
				INFOPLIST_KEY_UILaunchScreen_Generation = YES;
				INFOPLIST_KEY_UIRequiredDeviceCapabilities = arkit;
				INFOPLIST_KEY_UIStatusBarHidden = YES;
				INFOPLIST_KEY_UISupportedInterfaceOrientations_iPad = "UIInterfaceOrientationPortrait UIInterfaceOrientationPortraitUpsideDown UIInterfaceOrientationLandscapeLeft UIInterfaceOrientationLandscapeRight";
				INFOPLIST_KEY_UISupportedInterfaceOrientations_iPhone = "UIInterfaceOrientationPortrait UIInterfaceOrientationLandscapeLeft UIInterfaceOrientationLandscapeRight";
				IPHONEOS_DEPLOYMENT_TARGET = 26.0;
				LD_RUNPATH_SEARCH_PATHS = (
					"$(inherited)",
					"@executable_path/Frameworks",
				);
				MARKETING_VERSION = 1.0;
				PRODUCT_BUNDLE_IDENTIFIER = "com.ryan.realitykit-ragdolls";
				PRODUCT_NAME = "$(TARGET_NAME)";
				STRING_CATALOG_GENERATE_SYMBOLS = YES;
				SUPPORTED_PLATFORMS = "iphoneos iphonesimulator";
				SUPPORTS_MACCATALYST = NO;
				SUPPORTS_XR_DESIGNED_FOR_IPHONE_IPAD = NO;
				SWIFT_APPROACHABLE_CONCURRENCY = YES;
				SWIFT_DEFAULT_ACTOR_ISOLATION = MainActor;
				SWIFT_EMIT_LOC_STRINGS = YES;
				SWIFT_UPCOMING_FEATURE_MEMBER_IMPORT_VISIBILITY = YES;
				SWIFT_VERSION = 5.0;
				TARGETED_DEVICE_FAMILY = "1,2";
			};
			name = Release;
		};
		9047908E2ED1BFDC002ACDCC /* Debug */ = {
			isa = XCBuildConfiguration;
			buildSettings = {
				BUNDLE_LOADER = "$(TEST_HOST)";
				CODE_SIGN_STYLE = Automatic;
				CURRENT_PROJECT_VERSION = 1;
				GENERATE_INFOPLIST_FILE = YES;
				IPHONEOS_DEPLOYMENT_TARGET = 26.1;
				MARKETING_VERSION = 1.0;
				PRODUCT_BUNDLE_IDENTIFIER = "com.ryan.realitykit-ragdollsTests";
				PRODUCT_NAME = "$(TARGET_NAME)";
				STRING_CATALOG_GENERATE_SYMBOLS = NO;
				SWIFT_APPROACHABLE_CONCURRENCY = YES;
				SWIFT_EMIT_LOC_STRINGS = NO;
				SWIFT_UPCOMING_FEATURE_MEMBER_IMPORT_VISIBILITY = YES;
				SWIFT_VERSION = 5.0;
				TARGETED_DEVICE_FAMILY = "1,2";
				TEST_HOST = "$(BUILT_PRODUCTS_DIR)/realitykit-ragdolls.app/$(BUNDLE_EXECUTABLE_FOLDER_PATH)/realitykit-ragdolls";
			};
			name = Debug;
		};
		9047908F2ED1BFDC002ACDCC /* Release */ = {
			isa = XCBuildConfiguration;
			buildSettings = {
				BUNDLE_LOADER = "$(TEST_HOST)";
				CODE_SIGN_STYLE = Automatic;
				CURRENT_PROJECT_VERSION = 1;
				GENERATE_INFOPLIST_FILE = YES;
				IPHONEOS_DEPLOYMENT_TARGET = 26.1;
				MARKETING_VERSION = 1.0;
				PRODUCT_BUNDLE_IDENTIFIER = "com.ryan.realitykit-ragdollsTests";
				PRODUCT_NAME = "$(TARGET_NAME)";
				STRING_CATALOG_GENERATE_SYMBOLS = NO;
				SWIFT_APPROACHABLE_CONCURRENCY = YES;
				SWIFT_EMIT_LOC_STRINGS = NO;
				SWIFT_UPCOMING_FEATURE_MEMBER_IMPORT_VISIBILITY = YES;
				SWIFT_VERSION = 5.0;
				TARGETED_DEVICE_FAMILY = "1,2";
				TEST_HOST = "$(BUILT_PRODUCTS_DIR)/realitykit-ragdolls.app/$(BUNDLE_EXECUTABLE_FOLDER_PATH)/realitykit-ragdolls";
			};
			name = Release;
		};
		904790912ED1BFDC002ACDCC /* Debug */ = {
			isa = XCBuildConfiguration;
			buildSettings = {
				CODE_SIGN_STYLE = Automatic;
				CURRENT_PROJECT_VERSION = 1;
				GENERATE_INFOPLIST_FILE = YES;
				MARKETING_VERSION = 1.0;
				PRODUCT_BUNDLE_IDENTIFIER = "com.ryan.realitykit-ragdollsUITests";
				PRODUCT_NAME = "$(TARGET_NAME)";
				STRING_CATALOG_GENERATE_SYMBOLS = NO;
				SWIFT_APPROACHABLE_CONCURRENCY = YES;
				SWIFT_EMIT_LOC_STRINGS = NO;
				SWIFT_UPCOMING_FEATURE_MEMBER_IMPORT_VISIBILITY = YES;
				SWIFT_VERSION = 5.0;
				TARGETED_DEVICE_FAMILY = "1,2";
				TEST_TARGET_NAME = "realitykit-ragdolls";
			};
			name = Debug;
		};
		904790922ED1BFDC002ACDCC /* Release */ = {
			isa = XCBuildConfiguration;
			buildSettings = {
				CODE_SIGN_STYLE = Automatic;
				CURRENT_PROJECT_VERSION = 1;
				GENERATE_INFOPLIST_FILE = YES;
				MARKETING_VERSION = 1.0;
				PRODUCT_BUNDLE_IDENTIFIER = "com.ryan.realitykit-ragdollsUITests";
				PRODUCT_NAME = "$(TARGET_NAME)";
				STRING_CATALOG_GENERATE_SYMBOLS = NO;
				SWIFT_APPROACHABLE_CONCURRENCY = YES;
				SWIFT_EMIT_LOC_STRINGS = NO;
				SWIFT_UPCOMING_FEATURE_MEMBER_IMPORT_VISIBILITY = YES;
				SWIFT_VERSION = 5.0;
				TARGETED_DEVICE_FAMILY = "1,2";
				TEST_TARGET_NAME = "realitykit-ragdolls";
			};
			name = Release;
		};
/* End XCBuildConfiguration section */

/* Begin XCConfigurationList section */
		904790642ED1BFDB002ACDCC /* Build configuration list for PBXProject "realitykit-ragdolls" */ = {
			isa = XCConfigurationList;
			buildConfigurations = (
				904790882ED1BFDC002ACDCC /* Debug */,
				904790892ED1BFDC002ACDCC /* Release */,
			);
			defaultConfigurationIsVisible = 0;
			defaultConfigurationName = Release;
		};
		9047908A2ED1BFDC002ACDCC /* Build configuration list for PBXNativeTarget "realitykit-ragdolls" */ = {
			isa = XCConfigurationList;
			buildConfigurations = (
				9047908B2ED1BFDC002ACDCC /* Debug */,
				9047908C2ED1BFDC002ACDCC /* Release */,
			);
			defaultConfigurationIsVisible = 0;
			defaultConfigurationName = Release;
		};
		9047908D2ED1BFDC002ACDCC /* Build configuration list for PBXNativeTarget "realitykit-ragdollsTests" */ = {
			isa = XCConfigurationList;
			buildConfigurations = (
				9047908E2ED1BFDC002ACDCC /* Debug */,
				9047908F2ED1BFDC002ACDCC /* Release */,
			);
			defaultConfigurationIsVisible = 0;
			defaultConfigurationName = Release;
		};
		904790902ED1BFDC002ACDCC /* Build configuration list for PBXNativeTarget "realitykit-ragdollsUITests" */ = {
			isa = XCConfigurationList;
			buildConfigurations = (
				904790912ED1BFDC002ACDCC /* Debug */,
				904790922ED1BFDC002ACDCC /* Release */,
			);
			defaultConfigurationIsVisible = 0;
			defaultConfigurationName = Release;
		};
/* End XCConfigurationList section */
	};
	rootObject = 904790612ED1BFDB002ACDCC /* Project object */;
}
